
Microsoft Visual Studio Solution File, Format Version 12.00
# Visual Studio Version 16
VisualStudioVersion = 16.0.29709.97
MinimumVisualStudioVersion = 10.0.40219.1
Project("{9A19103F-16F7-4668-BE54-9A1E7A4F7556}") = "MCSReports.UI", "MCSReportsUI\MCSReports.UI.csproj", "{C67715D2-A21F-4DBD-9460-9B4DC1E830FF}"
EndProject
Project("{9A19103F-16F7-4668-BE54-9A1E7A4F7556}") = "MCSReports.Data", "MCSReports.Data\MCSReports.Data.csproj", "{6344C972-81BD-4B8F-A92D-C46F0DDDF7F5}"
EndProject
Global
	GlobalSection(SolutionConfigurationPlatforms) = preSolution
		Debug|Any CPU = Debug|Any CPU
		Release|Any CPU = Release|Any CPU
	EndGlobalSection
	GlobalSection(ProjectConfigurationPlatforms) = postSolution
		{C67715D2-A21F-4DBD-9460-9B4DC1E830FF}.Debug|Any CPU.ActiveCfg = Debug|Any CPU
		{C67715D2-A21F-4DBD-9460-9B4DC1E830FF}.Debug|Any CPU.Build.0 = Debug|Any CPU
		{C67715D2-A21F-4DBD-9460-9B4DC1E830FF}.Release|Any CPU.ActiveCfg = Release|Any CPU
		{C67715D2-A21F-4DBD-9460-9B4DC1E830FF}.Release|Any CPU.Build.0 = Release|Any CPU
		{6344C972-81BD-4B8F-A92D-C46F0DDDF7F5}.Debug|Any CPU.ActiveCfg = Debug|Any CPU
		{6344C972-81BD-4B8F-A92D-C46F0DDDF7F5}.Debug|Any CPU.Build.0 = Debug|Any CPU
		{6344C972-81BD-4B8F-A92D-C46F0DDDF7F5}.Release|Any CPU.ActiveCfg = Release|Any CPU
		{6344C972-81BD-4B8F-A92D-C46F0DDDF7F5}.Release|Any CPU.Build.0 = Release|Any CPU
	EndGlobalSection
	GlobalSection(SolutionProperties) = preSolution
		HideSolutionNode = FALSE
	EndGlobalSection
	GlobalSection(ExtensibilityGlobals) = postSolution
		SolutionGuid = {FBA5E3F0-3116-4296-B2AB-6AA02D4069A3}
	EndGlobalSection
EndGlobal
